
Microsoft Visual Studio Solution File, Format Version 12.00
# Visual Studio Version 17
VisualStudioVersion = 17.6.33829.357
MinimumVisualStudioVersion = 10.0.40219.1
Project("{8BC9CEB8-8B4A-11D0-8D11-00A0C91BC942}") = "M_4_EX2", "M_4_EX2\M_4_EX2.vcxproj", "{AAFD54BE-8B8F-4F9B-A493-854207B033DB}"
EndProject
Global
	GlobalSection(SolutionConfigurationPlatforms) = preSolution
		Debug|x64 = Debug|x64
		Debug|x86 = Debug|x86
		Release|x64 = Release|x64
		Release|x86 = Release|x86
	EndGlobalSection
	GlobalSection(ProjectConfigurationPlatforms) = postSolution
		{AAFD54BE-8B8F-4F9B-A493-854207B033DB}.Debug|x64.ActiveCfg = Debug|x64
		{AAFD54BE-8B8F-4F9B-A493-854207B033DB}.Debug|x64.Build.0 = Debug|x64
		{AAFD54BE-8B8F-4F9B-A493-854207B033DB}.Debug|x86.ActiveCfg = Debug|Win32
		{AAFD54BE-8B8F-4F9B-A493-854207B033DB}.Debug|x86.Build.0 = Debug|Win32
		{AAFD54BE-8B8F-4F9B-A493-854207B033DB}.Release|x64.ActiveCfg = Release|x64
		{AAFD54BE-8B8F-4F9B-A493-854207B033DB}.Release|x64.Build.0 = Release|x64
		{AAFD54BE-8B8F-4F9B-A493-854207B033DB}.Release|x86.ActiveCfg = Release|Win32
		{AAFD54BE-8B8F-4F9B-A493-854207B033DB}.Release|x86.Build.0 = Release|Win32
	EndGlobalSection
	GlobalSection(SolutionProperties) = preSolution
		HideSolutionNode = FALSE
	EndGlobalSection
	GlobalSection(ExtensibilityGlobals) = postSolution
		SolutionGuid = {238C5E98-6479-4C2D-9E61-3D9F8E2B7463}
	EndGlobalSection
EndGlobal
